
Microsoft Visual Studio Solution File, Format Version 12.00
# Visual Studio Version 17
VisualStudioVersion = 17.2.32526.322
MinimumVisualStudioVersion = 10.0.40219.1
Project("{FAE04EC0-301F-11D3-BF4B-00C04F79EFBC}") = "MaiorIdade", "MaiorIdade.csproj", "{32B02D34-3B8F-4512-A361-AE0CB6653B65}"
EndProject
Global
	GlobalSection(SolutionConfigurationPlatforms) = preSolution
		Debug|Any CPU = Debug|Any CPU
		Release|Any CPU = Release|Any CPU
	EndGlobalSection
	GlobalSection(ProjectConfigurationPlatforms) = postSolution
		{32B02D34-3B8F-4512-A361-AE0CB6653B65}.Debug|Any CPU.ActiveCfg = Debug|Any CPU
		{32B02D34-3B8F-4512-A361-AE0CB6653B65}.Debug|Any CPU.Build.0 = Debug|Any CPU
		{32B02D34-3B8F-4512-A361-AE0CB6653B65}.Release|Any CPU.ActiveCfg = Release|Any CPU
		{32B02D34-3B8F-4512-A361-AE0CB6653B65}.Release|Any CPU.Build.0 = Release|Any CPU
	EndGlobalSection
	GlobalSection(SolutionProperties) = preSolution
		HideSolutionNode = FALSE
	EndGlobalSection
	GlobalSection(ExtensibilityGlobals) = postSolution
		SolutionGuid = {2C7D3CC9-3295-4E63-AF93-C53AE3488EB5}
	EndGlobalSection
EndGlobal
